
Microsoft Visual Studio Solution File, Format Version 12.00
# Blend for Visual Studio Version 16
VisualStudioVersion = 16.0.29709.97
MinimumVisualStudioVersion = 10.0.40219.1
Project("{FAE04EC0-301F-11D3-BF4B-00C04F79EFBC}") = "mod_data_request", "mod_data_request.csproj", "{BEDEFE18-03FD-4261-84A1-050C0077ADEE}"
EndProject
Global
	GlobalSection(SolutionConfigurationPlatforms) = preSolution
		Debug|Any CPU = Debug|Any CPU
		Release|Any CPU = Release|Any CPU
	EndGlobalSection
	GlobalSection(ProjectConfigurationPlatforms) = postSolution
		{BEDEFE18-03FD-4261-84A1-050C0077ADEE}.Debug|Any CPU.ActiveCfg = Debug|Any CPU
		{BEDEFE18-03FD-4261-84A1-050C0077ADEE}.Debug|Any CPU.Build.0 = Debug|Any CPU
		{BEDEFE18-03FD-4261-84A1-050C0077ADEE}.Release|Any CPU.ActiveCfg = Release|Any CPU
		{BEDEFE18-03FD-4261-84A1-050C0077ADEE}.Release|Any CPU.Build.0 = Release|Any CPU
	EndGlobalSection
	GlobalSection(SolutionProperties) = preSolution
		HideSolutionNode = FALSE
	EndGlobalSection
	GlobalSection(ExtensibilityGlobals) = postSolution
		SolutionGuid = {5630BBED-DE55-475D-937D-6157E5929D16}
	EndGlobalSection
EndGlobal
